
Microsoft Visual Studio Solution File, Format Version 12.00
# Visual Studio Version 16
VisualStudioVersion = 16.0.30611.23
MinimumVisualStudioVersion = 10.0.40219.1
Project("{9A19103F-16F7-4668-BE54-9A1E7A4F7556}") = "ApiChat", "ApiChat\ApiChat.csproj", "{27875451-B0AE-4B63-9F22-36EB6EE7EF07}"
EndProject
Project("{FAE04EC0-301F-11D3-BF4B-00C04F79EFBC}") = "MVCChat", "MVCChat\MVCChat.csproj", "{7EB1C3C1-6CE4-472A-95AE-52D8A2E83AF6}"
EndProject
Project("{FAE04EC0-301F-11D3-BF4B-00C04F79EFBC}") = "BibliotecaDeClases", "..\BibliotecaDeClases\BibliotecaDeClases.csproj", "{939132C7-E4CB-4090-9666-5BC4556BB7A4}"
EndProject
Global
	GlobalSection(SolutionConfigurationPlatforms) = preSolution
		Debug|Any CPU = Debug|Any CPU
		Release|Any CPU = Release|Any CPU
	EndGlobalSection
	GlobalSection(ProjectConfigurationPlatforms) = postSolution
		{27875451-B0AE-4B63-9F22-36EB6EE7EF07}.Debug|Any CPU.ActiveCfg = Debug|Any CPU
		{27875451-B0AE-4B63-9F22-36EB6EE7EF07}.Debug|Any CPU.Build.0 = Debug|Any CPU
		{27875451-B0AE-4B63-9F22-36EB6EE7EF07}.Release|Any CPU.ActiveCfg = Release|Any CPU
		{27875451-B0AE-4B63-9F22-36EB6EE7EF07}.Release|Any CPU.Build.0 = Release|Any CPU
		{7EB1C3C1-6CE4-472A-95AE-52D8A2E83AF6}.Debug|Any CPU.ActiveCfg = Debug|Any CPU
		{7EB1C3C1-6CE4-472A-95AE-52D8A2E83AF6}.Debug|Any CPU.Build.0 = Debug|Any CPU
		{7EB1C3C1-6CE4-472A-95AE-52D8A2E83AF6}.Release|Any CPU.ActiveCfg = Release|Any CPU
		{7EB1C3C1-6CE4-472A-95AE-52D8A2E83AF6}.Release|Any CPU.Build.0 = Release|Any CPU
		{939132C7-E4CB-4090-9666-5BC4556BB7A4}.Debug|Any CPU.ActiveCfg = Debug|Any CPU
		{939132C7-E4CB-4090-9666-5BC4556BB7A4}.Debug|Any CPU.Build.0 = Debug|Any CPU
		{939132C7-E4CB-4090-9666-5BC4556BB7A4}.Release|Any CPU.ActiveCfg = Release|Any CPU
		{939132C7-E4CB-4090-9666-5BC4556BB7A4}.Release|Any CPU.Build.0 = Release|Any CPU
	EndGlobalSection
	GlobalSection(SolutionProperties) = preSolution
		HideSolutionNode = FALSE
	EndGlobalSection
	GlobalSection(ExtensibilityGlobals) = postSolution
		SolutionGuid = {98842C80-082F-4A75-9EA6-A910B1132A7F}
	EndGlobalSection
EndGlobal
